hash: 9864d4fe0b94042cab08d2e80910638776d3d1e655b5a3cb9006731ae0306761
updated: 2016-05-13T09:50:25.860201305-04:00
imports:
- name: github.com/aws/aws-sdk-go
  version: d85fa529a99a833067e11c0a838b9db7a5d5ea71
  subpackages:
  - aws
  - aws/awserr
  - service/autoscaling
  - service/ec2
  - service/iam
  - aws/session
  - service/elb
  - aws/credentials
  - aws/awsutil
  - aws/client
  - aws/client/metadata
  - aws/request
  - private/protocol
  - private/protocol/query
  - private/signer/v4
  - private/waiter
  - private/endpoints
  - private/protocol/ec2query
  - aws/corehandlers
  - aws/defaults
  - private/protocol/query/queryutil
  - private/protocol/xml/xmlutil
  - private/protocol/rest
  - aws/credentials/ec2rolecreds
  - aws/ec2metadata
- name: github.com/cloudfoundry-incubator/candiedyaml
  version: 99c3df83b51532e3615f851d8c2dbb638f5313bf
- name: github.com/ghodss/yaml
  version: e8e0db9016175449df0e9c4b6e6995a9433a395c
- name: github.com/go-ini/ini
  version: 12f418cc7edc5a618a51407b7ac1f1f512139df3
- name: github.com/golang/glog
  version: 23def4e6c14b4da8ac2ed8007337bc5eb5007998
- name: github.com/golang/protobuf
  version: 7cc19b78d562895b13596ddce7aafb59dd789318
  subpackages:
  - proto
- name: github.com/jmespath/go-jmespath
  version: 0b12d6b521d83fc7f755e7cfc1b1fbdd35a01a74
- name: golang.org/x/crypto
  version: 47ff8dfbc528fea3003fc0ce2d88ffbbfbc46a43
  subpackages:
  - ssh
  - curve25519
- name: golang.org/x/net
  version: 7e42c0e1329bb108f7376a7618a2871ab90f1c4d
  subpackages:
  - context
  - context/ctxhttp
- name: golang.org/x/oauth2
  version: e86e2718db89775a4604abc10a5d3a5672e7336e
  subpackages:
  - google
  - internal
  - jws
  - jwt
- name: google.golang.org/api
  version: f9a4669e07732c84854dce1f5c451c22427228fb
  subpackages:
  - compute/v1
  - googleapi
  - storage/v1
  - gensupport
  - googleapi/internal/uritemplates
- name: google.golang.org/appengine
  version: e234e71924d4aa52444bc76f2f831f13fa1eca60
  subpackages:
  - urlfetch
  - internal
  - internal/app_identity
  - internal/modules
  - internal/urlfetch
  - internal/base
  - internal/datastore
  - internal/log
  - internal/remote_api
- name: google.golang.org/cloud
  version: 200292f09e3aaa34878d801ab71fe823b1f7d36a
  subpackages:
  - compute/metadata
  - internal
- name: google.golang.org/grpc
  version: 9604a2bb7dd81d87c2873a9580258465f3c311c8
- name: k8s.io/kubernetes
  version: bb3f5b1768f3bf6c81914c5bb1d7e846561fdc31
  subpackages:
  - pkg/util/exec
  - pkg/util/mount
devImports: []
