hash: 42a551da194c2a8dfcaff364d22c71359cac802ad0ede68b4cd574b7fdebb9e1
updated: 2016-06-13T00:14:13.556460446-04:00
imports:
- name: github.com/aws/aws-sdk-go
  version: 64c371362a7b5ecafa2d7cdf90d19aba7343ae02
  subpackages:
  - aws
  - aws/awserr
  - service/autoscaling
  - service/ec2
  - service/elb
  - service/iam
  - service/route53
  - aws/session
  - service/s3
  - aws/credentials
  - aws/awsutil
  - aws/client
  - aws/client/metadata
  - aws/request
  - private/protocol
  - private/protocol/query
  - private/signer/v4
  - private/waiter
  - private/endpoints
  - private/protocol/ec2query
  - private/protocol/restxml
  - aws/corehandlers
  - aws/defaults
  - private/protocol/query/queryutil
  - private/protocol/xml/xmlutil
  - private/protocol/rest
  - aws/credentials/ec2rolecreds
  - aws/ec2metadata
- name: github.com/BurntSushi/toml
  version: f0aeabca5a127c4078abb8c8d64298b147264b55
- name: github.com/cloudfoundry-incubator/candiedyaml
  version: 99c3df83b51532e3615f851d8c2dbb638f5313bf
- name: github.com/davecgh/go-spew
  version: 5215b55f46b2b919f50a1df0eaa5886afe4e3b3d
  subpackages:
  - spew
- name: github.com/fsnotify/fsnotify
  version: 30411dbcefb7a1da7e84f75530ad3abe4011b4f8
- name: github.com/ghodss/yaml
  version: aa0c862057666179de291b67d9f093d12b5a8473
- name: github.com/go-ini/ini
  version: 72ba3e6b9e6b87e0c74c9a7a4dc86e8dd8ba4355
- name: github.com/golang/glog
  version: 23def4e6c14b4da8ac2ed8007337bc5eb5007998
- name: github.com/golang/protobuf
  version: 8616e8ee5e20a1704615e6c8d7afcdac06087a67
  subpackages:
  - proto
- name: github.com/hashicorp/hcl
  version: d7400db7143f8e869812e50a53acd6c8d92af3b8
  subpackages:
  - hcl/ast
  - hcl/printer
  - json/parser
  - hcl/parser
  - hcl/token
  - json/scanner
  - json/token
  - hcl/scanner
  - hcl/strconv
- name: github.com/inconshreveable/mousetrap
  version: 76626ae9c91c4f2a10f34cad8ce83ea42c93bb75
- name: github.com/jmespath/go-jmespath
  version: 0b12d6b521d83fc7f755e7cfc1b1fbdd35a01a74
- name: github.com/kr/fs
  version: 2788f0dbd16903de03cb8186e5c7d97b69ad387b
- name: github.com/magiconair/properties
  version: c265cfa48dda6474e208715ca93e987829f572f8
- name: github.com/mitchellh/mapstructure
  version: d2dd0262208475919e1a362f675cfc0e7c10e905
- name: github.com/pkg/errors
  version: 01fa4104b9c248c8945d14d9f128454d5b28d595
- name: github.com/pkg/sftp
  version: 8ceba579e780069dc5b5c866c0b9fa88fb736a4a
- name: github.com/spf13/cast
  version: 27b586b42e29bec072fe7379259cc719e1289da6
- name: github.com/spf13/cobra
  version: 1238ba19d24b0b9ceee2094e1cb31947d45c3e86
- name: github.com/spf13/jwalterweatherman
  version: 33c24e77fb80341fe7130ee7c594256ff08ccc46
- name: github.com/spf13/pflag
  version: 367864438f1b1a3c7db4da06a2f55b144e6784e0
- name: github.com/spf13/viper
  version: c1ccc378a054ea8d4e38d8c67f6938d4760b53dd
- name: golang.org/x/crypto
  version: f3241ce8505855877cc8a9717bd61a0f7c4ea83c
  subpackages:
  - ssh
  - curve25519
  - ed25519
  - ed25519/internal/edwards25519
- name: golang.org/x/net
  version: 3f122ce3dbbe488b7e6a8bdb26f41edec852a40b
  subpackages:
  - context
  - context/ctxhttp
- name: golang.org/x/oauth2
  version: 65a8d08c6292395d47053be10b3c5e91960def76
  subpackages:
  - google
  - internal
  - jws
  - jwt
- name: golang.org/x/sys
  version: 7f918dd405547ecb864d14a8ecbbfe205b5f930f
  subpackages:
  - unix
- name: google.golang.org/api
  version: 63ade871fd3aec1225809d496e81ec91ab76ea29
  subpackages:
  - compute/v1
  - googleapi
  - storage/v1
  - gensupport
  - googleapi/internal/uritemplates
- name: google.golang.org/appengine
  version: 7f59a8c76b8594d06044bfe0bcbe475cb2020482
  subpackages:
  - urlfetch
  - internal
  - internal/app_identity
  - internal/modules
  - internal/urlfetch
  - internal/base
  - internal/datastore
  - internal/remote_api
- name: google.golang.org/cloud
  version: 4a23f97e60c9a14de1269e78812e59ca94033d85
  subpackages:
  - compute/metadata
  - internal
- name: google.golang.org/grpc
  version: 88aeffff979aa77aa502cb011423d0a08fa12c5a
- name: gopkg.in/yaml.v2
  version: a83829b6f1293c91addabc89d0571c246397bbf4
- name: k8s.io/kubernetes
  version: 5d6397e9ee610664387fd9a45238f9af6fa9a18e
  subpackages:
  - pkg/util/diff
  - pkg/util/exec
  - pkg/util/mount
  - pkg/util/validation/field
  - pkg/util/errors
devImports: []
