hash: 212c116624840fbcaaf42e4f11b9f159e3426b8dffbb8b7747a1615ea68e7fb5
updated: 2016-06-05T15:03:24.971484029-04:00
imports:
- name: github.com/aws/aws-sdk-go
  version: c924893c38ecc04b18d7aab8a7aa561cb8b4c4cc
  subpackages:
  - aws
  - aws/ec2metadata
  - aws/request
  - aws/session
  - service/ec2
  - service/route53
  - aws/awserr
  - aws/credentials
  - aws/client
  - aws/client/metadata
  - aws/awsutil
  - aws/corehandlers
  - aws/defaults
  - private/endpoints
  - private/protocol
  - private/protocol/ec2query
  - private/signer/v4
  - private/waiter
  - private/protocol/restxml
  - aws/credentials/ec2rolecreds
  - private/protocol/query/queryutil
  - private/protocol/xml/xmlutil
  - private/protocol/rest
  - private/protocol/query
- name: github.com/cloudfoundry-incubator/candiedyaml
  version: 99c3df83b51532e3615f851d8c2dbb638f5313bf
- name: github.com/ghodss/yaml
  version: aa0c862057666179de291b67d9f093d12b5a8473
- name: github.com/go-ini/ini
  version: 2e44421e256d82ebbf3d4d4fcabe8930b905eff3
- name: github.com/golang/glog
  version: 23def4e6c14b4da8ac2ed8007337bc5eb5007998
- name: github.com/jmespath/go-jmespath
  version: 3433f3ea46d9f8019119e7dd41274e112a2359a9
- name: k8s.io/kubernetes
  version: 56af9acd6f0a36f974fe8a9d0bd06049b14d5d19
  subpackages:
  - pkg/util/exec
  - pkg/util/mount
devImports: []
